
Microsoft Visual Studio Solution File, Format Version 12.00
# Visual Studio Version 17
VisualStudioVersion = 17.5.33424.131
MinimumVisualStudioVersion = 10.0.40219.1
Project("{FAE04EC0-301F-11D3-BF4B-00C04F79EFBC}") = "Insurance.Api", "Insurance.Api\Insurance.Api.csproj", "{CCA60C4F-C237-4B77-8D7B-762C60452797}"
EndProject
Global
	GlobalSection(SolutionConfigurationPlatforms) = preSolution
		Debug|Any CPU = Debug|Any CPU
		Release|Any CPU = Release|Any CPU
	EndGlobalSection
	GlobalSection(ProjectConfigurationPlatforms) = postSolution
		{CCA60C4F-C237-4B77-8D7B-762C60452797}.Debug|Any CPU.ActiveCfg = Debug|Any CPU
		{CCA60C4F-C237-4B77-8D7B-762C60452797}.Debug|Any CPU.Build.0 = Debug|Any CPU
		{CCA60C4F-C237-4B77-8D7B-762C60452797}.Release|Any CPU.ActiveCfg = Release|Any CPU
		{CCA60C4F-C237-4B77-8D7B-762C60452797}.Release|Any CPU.Build.0 = Release|Any CPU
	EndGlobalSection
	GlobalSection(SolutionProperties) = preSolution
		HideSolutionNode = FALSE
	EndGlobalSection
	GlobalSection(ExtensibilityGlobals) = postSolution
		SolutionGuid = {CDBA2FF6-240B-4563-B539-618DA059E474}
	EndGlobalSection
EndGlobal
